
Microsoft Visual Studio Solution File, Format Version 12.00
# Visual Studio Version 16
VisualStudioVersion = 16.0.31410.357
MinimumVisualStudioVersion = 10.0.40219.1
Project("{D954291E-2A0B-460D-934E-DC6B0785DB48}") = "AutoSuggestDemo.Shared", "AutoSuggestDemo.Shared\AutoSuggestDemo.Shared.shproj", "{6279C845-92F8-4333-AB99-3D213163593C}"
EndProject
Project("{2150E333-8FDC-42A3-9474-1A3956D46DE8}") = "Platforms", "Platforms", "{682325DE-CADB-4BB0-A327-BBF0ABD9BAA5}"
EndProject
Project("{FAE04EC0-301F-11D3-BF4B-00C04F79EFBC}") = "AutoSuggestDemo.Droid", "AutoSuggestDemo.Droid\AutoSuggestDemo.Droid.csproj", "{895C92F5-7C8B-4B4F-879C-6FEF618A4E9A}"
EndProject
Project("{FAE04EC0-301F-11D3-BF4B-00C04F79EFBC}") = "AutoSuggestDemo.iOS", "AutoSuggestDemo.iOS\AutoSuggestDemo.iOS.csproj", "{FB440F1E-52A5-462C-A8A2-6482889A34BF}"
EndProject
Project("{FAE04EC0-301F-11D3-BF4B-00C04F79EFBC}") = "AutoSuggestDemo.UWP", "AutoSuggestDemo.UWP\AutoSuggestDemo.UWP.csproj", "{53B233B5-D84C-4CE7-8EBB-46FB2F40FBDA}"
EndProject
Project("{FAE04EC0-301F-11D3-BF4B-00C04F79EFBC}") = "AutoSuggestDemo.Wasm", "AutoSuggestDemo.Wasm\AutoSuggestDemo.Wasm.csproj", "{6BFF381C-B199-4FAF-923E-31BCE14508DD}"
EndProject
Project("{FAE04EC0-301F-11D3-BF4B-00C04F79EFBC}") = "AutoSuggestDemo.macOS", "AutoSuggestDemo.macOS\AutoSuggestDemo.macOS.csproj", "{75BEBD24-796F-49F2-9A68-1290DA681E31}"
EndProject
Project("{FAE04EC0-301F-11D3-BF4B-00C04F79EFBC}") = "AutoSuggestDemo.Skia.Wpf.Host", "AutoSuggestDemo.Skia.Wpf.Host\AutoSuggestDemo.Skia.Wpf.Host.csproj", "{3512C8A9-44BD-48F5-9A6E-14E9CDBEE2D6}"
EndProject
Project("{FAE04EC0-301F-11D3-BF4B-00C04F79EFBC}") = "AutoSuggestDemo.Skia.Wpf", "AutoSuggestDemo.Skia.Wpf\AutoSuggestDemo.Skia.Wpf.csproj", "{5EF56780-0344-4946-8419-5CA729FC4F42}"
EndProject
Project("{FAE04EC0-301F-11D3-BF4B-00C04F79EFBC}") = "AutoSuggestDemo.Skia.Gtk", "AutoSuggestDemo.Skia.Gtk\AutoSuggestDemo.Skia.Gtk.csproj", "{105F81B6-1B52-4CAF-8C70-0B78BA8A04B5}"
EndProject
Project("{FAE04EC0-301F-11D3-BF4B-00C04F79EFBC}") = "AutoSuggestDemo.Skia.Tizen", "AutoSuggestDemo.Skia.Tizen\AutoSuggestDemo.Skia.Tizen.csproj", "{9C3D88A4-2D33-46D9-94E3-DE79D6C0840C}"
EndProject
Global
	GlobalSection(SharedMSBuildProjectFiles) = preSolution
		AutoSuggestDemo.Shared\AutoSuggestDemo.Shared.projitems*{105f81b6-1b52-4caf-8c70-0b78ba8a04b5}*SharedItemsImports = 5
		AutoSuggestDemo.Shared\AutoSuggestDemo.Shared.projitems*{53b233b5-d84c-4ce7-8ebb-46fb2f40fbda}*SharedItemsImports = 4
		AutoSuggestDemo.Shared\AutoSuggestDemo.Shared.projitems*{5ef56780-0344-4946-8419-5ca729fc4f42}*SharedItemsImports = 5
		AutoSuggestDemo.Shared\AutoSuggestDemo.Shared.projitems*{6279c845-92f8-4333-ab99-3d213163593c}*SharedItemsImports = 13
		AutoSuggestDemo.Shared\AutoSuggestDemo.Shared.projitems*{6bff381c-b199-4faf-923e-31bce14508dd}*SharedItemsImports = 5
		AutoSuggestDemo.Shared\AutoSuggestDemo.Shared.projitems*{75bebd24-796f-49f2-9a68-1290da681e31}*SharedItemsImports = 4
		AutoSuggestDemo.Shared\AutoSuggestDemo.Shared.projitems*{895c92f5-7c8b-4b4f-879c-6fef618a4e9a}*SharedItemsImports = 4
		AutoSuggestDemo.Shared\AutoSuggestDemo.Shared.projitems*{9c3d88a4-2d33-46d9-94e3-de79d6c0840c}*SharedItemsImports = 5
		AutoSuggestDemo.Shared\AutoSuggestDemo.Shared.projitems*{fb440f1e-52a5-462c-a8a2-6482889a34bf}*SharedItemsImports = 4
	EndGlobalSection
	GlobalSection(SolutionConfigurationPlatforms) = preSolution
		Ad-Hoc|Any CPU = Ad-Hoc|Any CPU
		Ad-Hoc|ARM = Ad-Hoc|ARM
		Ad-Hoc|ARM64 = Ad-Hoc|ARM64
		Ad-Hoc|iPhone = Ad-Hoc|iPhone
		Ad-Hoc|iPhoneSimulator = Ad-Hoc|iPhoneSimulator
		Ad-Hoc|x64 = Ad-Hoc|x64
		Ad-Hoc|x86 = Ad-Hoc|x86
		AppStore|Any CPU = AppStore|Any CPU
		AppStore|ARM = AppStore|ARM
		AppStore|ARM64 = AppStore|ARM64
		AppStore|iPhone = AppStore|iPhone
		AppStore|iPhoneSimulator = AppStore|iPhoneSimulator
		AppStore|x64 = AppStore|x64
		AppStore|x86 = AppStore|x86
		Debug|Any CPU = Debug|Any CPU
		Debug|ARM = Debug|ARM
		Debug|ARM64 = Debug|ARM64
		Debug|iPhone = Debug|iPhone
		Debug|iPhoneSimulator = Debug|iPhoneSimulator
		Debug|x64 = Debug|x64
		Debug|x86 = Debug|x86
		Release|Any CPU = Release|Any CPU
		Release|ARM = Release|ARM
		Release|ARM64 = Release|ARM64
		Release|iPhone = Release|iPhone
		Release|iPhoneSimulator = Release|iPhoneSimulator
		Release|x64 = Release|x64
		Release|x86 = Release|x86
	EndGlobalSection
	GlobalSection(ProjectConfigurationPlatforms) = postSolution
		{895C92F5-7C8B-4B4F-879C-6FEF618A4E9A}.Ad-Hoc|Any CPU.ActiveCfg = Debug|Any CPU
		{895C92F5-7C8B-4B4F-879C-6FEF618A4E9A}.Ad-Hoc|Any CPU.Build.0 = Debug|Any CPU
		{895C92F5-7C8B-4B4F-879C-6FEF618A4E9A}.Ad-Hoc|Any CPU.Deploy.0 = Debug|Any CPU
		{895C92F5-7C8B-4B4F-879C-6FEF618A4E9A}.Ad-Hoc|ARM.ActiveCfg = Debug|Any CPU
		{895C92F5-7C8B-4B4F-879C-6FEF618A4E9A}.Ad-Hoc|ARM.Build.0 = Debug|Any CPU
		{895C92F5-7C8B-4B4F-879C-6FEF618A4E9A}.Ad-Hoc|ARM.Deploy.0 = Debug|Any CPU
		{895C92F5-7C8B-4B4F-879C-6FEF618A4E9A}.Ad-Hoc|ARM64.ActiveCfg = Debug|Any CPU
		{895C92F5-7C8B-4B4F-879C-6FEF618A4E9A}.Ad-Hoc|ARM64.Build.0 = Debug|Any CPU
		{895C92F5-7C8B-4B4F-879C-6FEF618A4E9A}.Ad-Hoc|ARM64.Deploy.0 = Debug|Any CPU
		{895C92F5-7C8B-4B4F-879C-6FEF618A4E9A}.Ad-Hoc|iPhone.ActiveCfg = Debug|Any CPU
		{895C92F5-7C8B-4B4F-879C-6FEF618A4E9A}.Ad-Hoc|iPhone.Build.0 = Debug|Any CPU
		{895C92F5-7C8B-4B4F-879C-6FEF618A4E9A}.Ad-Hoc|iPhone.Deploy.0 = Debug|Any CPU
		{895C92F5-7C8B-4B4F-879C-6FEF618A4E9A}.Ad-Hoc|iPhoneSimulator.ActiveCfg = Debug|Any CPU
		{895C92F5-7C8B-4B4F-879C-6FEF618A4E9A}.Ad-Hoc|iPhoneSimulator.Build.0 = Debug|Any CPU
		{895C92F5-7C8B-4B4F-879C-6FEF618A4E9A}.Ad-Hoc|iPhoneSimulator.Deploy.0 = Debug|Any CPU
		{895C92F5-7C8B-4B4F-879C-6FEF618A4E9A}.Ad-Hoc|x64.ActiveCfg = Debug|Any CPU
		{895C92F5-7C8B-4B4F-879C-6FEF618A4E9A}.Ad-Hoc|x64.Build.0 = Debug|Any CPU
		{895C92F5-7C8B-4B4F-879C-6FEF618A4E9A}.Ad-Hoc|x64.Deploy.0 = Debug|Any CPU
		{895C92F5-7C8B-4B4F-879C-6FEF618A4E9A}.Ad-Hoc|x86.ActiveCfg = Debug|Any CPU
		{895C92F5-7C8B-4B4F-879C-6FEF618A4E9A}.Ad-Hoc|x86.Build.0 = Debug|Any CPU
		{895C92F5-7C8B-4B4F-879C-6FEF618A4E9A}.Ad-Hoc|x86.Deploy.0 = Debug|Any CPU
		{895C92F5-7C8B-4B4F-879C-6FEF618A4E9A}.AppStore|Any CPU.ActiveCfg = Debug|Any CPU
		{895C92F5-7C8B-4B4F-879C-6FEF618A4E9A}.AppStore|Any CPU.Build.0 = Debug|Any CPU
		{895C92F5-7C8B-4B4F-879C-6FEF618A4E9A}.AppStore|Any CPU.Deploy.0 = Debug|Any CPU
		{895C92F5-7C8B-4B4F-879C-6FEF618A4E9A}.AppStore|ARM.ActiveCfg = Debug|Any CPU
		{895C92F5-7C8B-4B4F-879C-6FEF618A4E9A}.AppStore|ARM.Build.0 = Debug|Any CPU
		{895C92F5-7C8B-4B4F-879C-6FEF618A4E9A}.AppStore|ARM.Deploy.0 = Debug|Any CPU
		{895C92F5-7C8B-4B4F-879C-6FEF618A4E9A}.AppStore|ARM64.ActiveCfg = Debug|Any CPU
		{895C92F5-7C8B-4B4F-879C-6FEF618A4E9A}.AppStore|ARM64.Build.0 = Debug|Any CPU
		{895C92F5-7C8B-4B4F-879C-6FEF618A4E9A}.AppStore|ARM64.Deploy.0 = Debug|Any CPU
		{895C92F5-7C8B-4B4F-879C-6FEF618A4E9A}.AppStore|iPhone.ActiveCfg = Debug|Any CPU
		{895C92F5-7C8B-4B4F-879C-6FEF618A4E9A}.AppStore|iPhone.Build.0 = Debug|Any CPU
		{895C92F5-7C8B-4B4F-879C-6FEF618A4E9A}.AppStore|iPhone.Deploy.0 = Debug|Any CPU
		{895C92F5-7C8B-4B4F-879C-6FEF618A4E9A}.AppStore|iPhoneSimulator.ActiveCfg = Debug|Any CPU
		{895C92F5-7C8B-4B4F-879C-6FEF618A4E9A}.AppStore|iPhoneSimulator.Build.0 = Debug|Any CPU
		{895C92F5-7C8B-4B4F-879C-6FEF618A4E9A}.AppStore|iPhoneSimulator.Deploy.0 = Debug|Any CPU
		{895C92F5-7C8B-4B4F-879C-6FEF618A4E9A}.AppStore|x64.ActiveCfg = Debug|Any CPU
		{895C92F5-7C8B-4B4F-879C-6FEF618A4E9A}.AppStore|x64.Build.0 = Debug|Any CPU
		{895C92F5-7C8B-4B4F-879C-6FEF618A4E9A}.AppStore|x64.Deploy.0 = Debug|Any CPU
		{895C92F5-7C8B-4B4F-879C-6FEF618A4E9A}.AppStore|x86.ActiveCfg = Debug|Any CPU
		{895C92F5-7C8B-4B4F-879C-6FEF618A4E9A}.AppStore|x86.Build.0 = Debug|Any CPU
		{895C92F5-7C8B-4B4F-879C-6FEF618A4E9A}.AppStore|x86.Deploy.0 = Debug|Any CPU
		{895C92F5-7C8B-4B4F-879C-6FEF618A4E9A}.Debug|Any CPU.ActiveCfg = Debug|Any CPU
		{895C92F5-7C8B-4B4F-879C-6FEF618A4E9A}.Debug|Any CPU.Build.0 = Debug|Any CPU
		{895C92F5-7C8B-4B4F-879C-6FEF618A4E9A}.Debug|Any CPU.Deploy.0 = Debug|Any CPU
		{895C92F5-7C8B-4B4F-879C-6FEF618A4E9A}.Debug|ARM.ActiveCfg = Debug|Any CPU
		{895C92F5-7C8B-4B4F-879C-6FEF618A4E9A}.Debug|ARM.Build.0 = Debug|Any CPU
		{895C92F5-7C8B-4B4F-879C-6FEF618A4E9A}.Debug|ARM.Deploy.0 = Debug|Any CPU
		{895C92F5-7C8B-4B4F-879C-6FEF618A4E9A}.Debug|ARM64.ActiveCfg = Debug|Any CPU
		{895C92F5-7C8B-4B4F-879C-6FEF618A4E9A}.Debug|ARM64.Build.0 = Debug|Any CPU
		{895C92F5-7C8B-4B4F-879C-6FEF618A4E9A}.Debug|ARM64.Deploy.0 = Debug|Any CPU
		{895C92F5-7C8B-4B4F-879C-6FEF618A4E9A}.Debug|iPhone.ActiveCfg = Debug|Any CPU
		{895C92F5-7C8B-4B4F-879C-6FEF618A4E9A}.Debug|iPhone.Build.0 = Debug|Any CPU
		{895C92F5-7C8B-4B4F-879C-6FEF618A4E9A}.Debug|iPhone.Deploy.0 = Debug|Any CPU
		{895C92F5-7C8B-4B4F-879C-6FEF618A4E9A}.Debug|iPhoneSimulator.ActiveCfg = Debug|Any CPU
		{895C92F5-7C8B-4B4F-879C-6FEF618A4E9A}.Debug|iPhoneSimulator.Build.0 = Debug|Any CPU
		{895C92F5-7C8B-4B4F-879C-6FEF618A4E9A}.Debug|iPhoneSimulator.Deploy.0 = Debug|Any CPU
		{895C92F5-7C8B-4B4F-879C-6FEF618A4E9A}.Debug|x64.ActiveCfg = Debug|Any CPU
		{895C92F5-7C8B-4B4F-879C-6FEF618A4E9A}.Debug|x64.Build.0 = Debug|Any CPU
		{895C92F5-7C8B-4B4F-879C-6FEF618A4E9A}.Debug|x64.Deploy.0 = Debug|Any CPU
		{895C92F5-7C8B-4B4F-879C-6FEF618A4E9A}.Debug|x86.ActiveCfg = Debug|Any CPU
		{895C92F5-7C8B-4B4F-879C-6FEF618A4E9A}.Debug|x86.Build.0 = Debug|Any CPU
		{895C92F5-7C8B-4B4F-879C-6FEF618A4E9A}.Debug|x86.Deploy.0 = Debug|Any CPU
		{895C92F5-7C8B-4B4F-879C-6FEF618A4E9A}.Release|Any CPU.ActiveCfg = Release|Any CPU
		{895C92F5-7C8B-4B4F-879C-6FEF618A4E9A}.Release|Any CPU.Build.0 = Release|Any CPU
		{895C92F5-7C8B-4B4F-879C-6FEF618A4E9A}.Release|Any CPU.Deploy.0 = Release|Any CPU
		{895C92F5-7C8B-4B4F-879C-6FEF618A4E9A}.Release|ARM.ActiveCfg = Release|Any CPU
		{895C92F5-7C8B-4B4F-879C-6FEF618A4E9A}.Release|ARM.Build.0 = Release|Any CPU
		{895C92F5-7C8B-4B4F-879C-6FEF618A4E9A}.Release|ARM.Deploy.0 = Release|Any CPU
		{895C92F5-7C8B-4B4F-879C-6FEF618A4E9A}.Release|ARM64.ActiveCfg = Release|Any CPU
		{895C92F5-7C8B-4B4F-879C-6FEF618A4E9A}.Release|ARM64.Build.0 = Release|Any CPU
		{895C92F5-7C8B-4B4F-879C-6FEF618A4E9A}.Release|ARM64.Deploy.0 = Release|Any CPU
		{895C92F5-7C8B-4B4F-879C-6FEF618A4E9A}.Release|iPhone.ActiveCfg = Release|Any CPU
		{895C92F5-7C8B-4B4F-879C-6FEF618A4E9A}.Release|iPhone.Build.0 = Release|Any CPU
		{895C92F5-7C8B-4B4F-879C-6FEF618A4E9A}.Release|iPhone.Deploy.0 = Release|Any CPU
		{895C92F5-7C8B-4B4F-879C-6FEF618A4E9A}.Release|iPhoneSimulator.ActiveCfg = Release|Any CPU
		{895C92F5-7C8B-4B4F-879C-6FEF618A4E9A}.Release|iPhoneSimulator.Build.0 = Release|Any CPU
		{895C92F5-7C8B-4B4F-879C-6FEF618A4E9A}.Release|iPhoneSimulator.Deploy.0 = Release|Any CPU
		{895C92F5-7C8B-4B4F-879C-6FEF618A4E9A}.Release|x64.ActiveCfg = Release|Any CPU
		{895C92F5-7C8B-4B4F-879C-6FEF618A4E9A}.Release|x64.Build.0 = Release|Any CPU
		{895C92F5-7C8B-4B4F-879C-6FEF618A4E9A}.Release|x64.Deploy.0 = Release|Any CPU
		{895C92F5-7C8B-4B4F-879C-6FEF618A4E9A}.Release|x86.ActiveCfg = Release|Any CPU
		{895C92F5-7C8B-4B4F-879C-6FEF618A4E9A}.Release|x86.Build.0 = Release|Any CPU
		{895C92F5-7C8B-4B4F-879C-6FEF618A4E9A}.Release|x86.Deploy.0 = Release|Any CPU
		{FB440F1E-52A5-462C-A8A2-6482889A34BF}.Ad-Hoc|Any CPU.ActiveCfg = Ad-Hoc|iPhoneSimulator
		{FB440F1E-52A5-462C-A8A2-6482889A34BF}.Ad-Hoc|ARM.ActiveCfg = Ad-Hoc|iPhoneSimulator
		{FB440F1E-52A5-462C-A8A2-6482889A34BF}.Ad-Hoc|ARM64.ActiveCfg = Ad-Hoc|iPhoneSimulator
		{FB440F1E-52A5-462C-A8A2-6482889A34BF}.Ad-Hoc|iPhone.ActiveCfg = Ad-Hoc|iPhone
		{FB440F1E-52A5-462C-A8A2-6482889A34BF}.Ad-Hoc|iPhone.Build.0 = Ad-Hoc|iPhone
		{FB440F1E-52A5-462C-A8A2-6482889A34BF}.Ad-Hoc|iPhoneSimulator.ActiveCfg = Ad-Hoc|iPhoneSimulator
		{FB440F1E-52A5-462C-A8A2-6482889A34BF}.Ad-Hoc|iPhoneSimulator.Build.0 = Ad-Hoc|iPhoneSimulator
		{FB440F1E-52A5-462C-A8A2-6482889A34BF}.Ad-Hoc|x64.ActiveCfg = Ad-Hoc|iPhoneSimulator
		{FB440F1E-52A5-462C-A8A2-6482889A34BF}.Ad-Hoc|x86.ActiveCfg = Ad-Hoc|iPhoneSimulator
		{FB440F1E-52A5-462C-A8A2-6482889A34BF}.AppStore|Any CPU.ActiveCfg = AppStore|iPhoneSimulator
		{FB440F1E-52A5-462C-A8A2-6482889A34BF}.AppStore|ARM.ActiveCfg = AppStore|iPhoneSimulator
		{FB440F1E-52A5-462C-A8A2-6482889A34BF}.AppStore|ARM64.ActiveCfg = AppStore|iPhoneSimulator
		{FB440F1E-52A5-462C-A8A2-6482889A34BF}.AppStore|iPhone.ActiveCfg = AppStore|iPhone
		{FB440F1E-52A5-462C-A8A2-6482889A34BF}.AppStore|iPhone.Build.0 = AppStore|iPhone
		{FB440F1E-52A5-462C-A8A2-6482889A34BF}.AppStore|iPhoneSimulator.ActiveCfg = AppStore|iPhoneSimulator
		{FB440F1E-52A5-462C-A8A2-6482889A34BF}.AppStore|iPhoneSimulator.Build.0 = AppStore|iPhoneSimulator
		{FB440F1E-52A5-462C-A8A2-6482889A34BF}.AppStore|x64.ActiveCfg = AppStore|iPhoneSimulator
		{FB440F1E-52A5-462C-A8A2-6482889A34BF}.AppStore|x86.ActiveCfg = AppStore|iPhoneSimulator
		{FB440F1E-52A5-462C-A8A2-6482889A34BF}.Debug|Any CPU.ActiveCfg = Debug|iPhoneSimulator
		{FB440F1E-52A5-462C-A8A2-6482889A34BF}.Debug|ARM.ActiveCfg = Debug|iPhoneSimulator
		{FB440F1E-52A5-462C-A8A2-6482889A34BF}.Debug|ARM64.ActiveCfg = Debug|iPhoneSimulator
		{FB440F1E-52A5-462C-A8A2-6482889A34BF}.Debug|iPhone.ActiveCfg = Debug|iPhone
		{FB440F1E-52A5-462C-A8A2-6482889A34BF}.Debug|iPhone.Build.0 = Debug|iPhone
		{FB440F1E-52A5-462C-A8A2-6482889A34BF}.Debug|iPhoneSimulator.ActiveCfg = Debug|iPhoneSimulator
		{FB440F1E-52A5-462C-A8A2-6482889A34BF}.Debug|iPhoneSimulator.Build.0 = Debug|iPhoneSimulator
		{FB440F1E-52A5-462C-A8A2-6482889A34BF}.Debug|x64.ActiveCfg = Debug|iPhoneSimulator
		{FB440F1E-52A5-462C-A8A2-6482889A34BF}.Debug|x86.ActiveCfg = Debug|iPhoneSimulator
		{FB440F1E-52A5-462C-A8A2-6482889A34BF}.Release|Any CPU.ActiveCfg = Release|iPhoneSimulator
		{FB440F1E-52A5-462C-A8A2-6482889A34BF}.Release|ARM.ActiveCfg = Release|iPhoneSimulator
		{FB440F1E-52A5-462C-A8A2-6482889A34BF}.Release|ARM64.ActiveCfg = Release|iPhoneSimulator
		{FB440F1E-52A5-462C-A8A2-6482889A34BF}.Release|iPhone.ActiveCfg = Release|iPhone
		{FB440F1E-52A5-462C-A8A2-6482889A34BF}.Release|iPhone.Build.0 = Release|iPhone
		{FB440F1E-52A5-462C-A8A2-6482889A34BF}.Release|iPhoneSimulator.ActiveCfg = Release|iPhoneSimulator
		{FB440F1E-52A5-462C-A8A2-6482889A34BF}.Release|iPhoneSimulator.Build.0 = Release|iPhoneSimulator
		{FB440F1E-52A5-462C-A8A2-6482889A34BF}.Release|x64.ActiveCfg = Release|iPhoneSimulator
		{FB440F1E-52A5-462C-A8A2-6482889A34BF}.Release|x86.ActiveCfg = Release|iPhoneSimulator
		{53B233B5-D84C-4CE7-8EBB-46FB2F40FBDA}.Ad-Hoc|Any CPU.ActiveCfg = Debug|x86
		{53B233B5-D84C-4CE7-8EBB-46FB2F40FBDA}.Ad-Hoc|Any CPU.Build.0 = Debug|x86
		{53B233B5-D84C-4CE7-8EBB-46FB2F40FBDA}.Ad-Hoc|Any CPU.Deploy.0 = Debug|x86
		{53B233B5-D84C-4CE7-8EBB-46FB2F40FBDA}.Ad-Hoc|ARM.ActiveCfg = Debug|ARM
		{53B233B5-D84C-4CE7-8EBB-46FB2F40FBDA}.Ad-Hoc|ARM.Build.0 = Debug|ARM
		{53B233B5-D84C-4CE7-8EBB-46FB2F40FBDA}.Ad-Hoc|ARM.Deploy.0 = Debug|ARM
		{53B233B5-D84C-4CE7-8EBB-46FB2F40FBDA}.Ad-Hoc|ARM64.ActiveCfg = Debug|ARM64
		{53B233B5-D84C-4CE7-8EBB-46FB2F40FBDA}.Ad-Hoc|ARM64.Build.0 = Debug|ARM64
		{53B233B5-D84C-4CE7-8EBB-46FB2F40FBDA}.Ad-Hoc|ARM64.Deploy.0 = Debug|ARM64
		{53B233B5-D84C-4CE7-8EBB-46FB2F40FBDA}.Ad-Hoc|iPhone.ActiveCfg = Debug|x86
		{53B233B5-D84C-4CE7-8EBB-46FB2F40FBDA}.Ad-Hoc|iPhone.Build.0 = Debug|x86
		{53B233B5-D84C-4CE7-8EBB-46FB2F40FBDA}.Ad-Hoc|iPhone.Deploy.0 = Debug|x86
		{53B233B5-D84C-4CE7-8EBB-46FB2F40FBDA}.Ad-Hoc|iPhoneSimulator.ActiveCfg = Debug|x86
		{53B233B5-D84C-4CE7-8EBB-46FB2F40FBDA}.Ad-Hoc|iPhoneSimulator.Build.0 = Debug|x86
		{53B233B5-D84C-4CE7-8EBB-46FB2F40FBDA}.Ad-Hoc|iPhoneSimulator.Deploy.0 = Debug|x86
		{53B233B5-D84C-4CE7-8EBB-46FB2F40FBDA}.Ad-Hoc|x64.ActiveCfg = Debug|x64
		{53B233B5-D84C-4CE7-8EBB-46FB2F40FBDA}.Ad-Hoc|x64.Build.0 = Debug|x64
		{53B233B5-D84C-4CE7-8EBB-46FB2F40FBDA}.Ad-Hoc|x64.Deploy.0 = Debug|x64
		{53B233B5-D84C-4CE7-8EBB-46FB2F40FBDA}.Ad-Hoc|x86.ActiveCfg = Debug|x86
		{53B233B5-D84C-4CE7-8EBB-46FB2F40FBDA}.Ad-Hoc|x86.Build.0 = Debug|x86
		{53B233B5-D84C-4CE7-8EBB-46FB2F40FBDA}.Ad-Hoc|x86.Deploy.0 = Debug|x86
		{53B233B5-D84C-4CE7-8EBB-46FB2F40FBDA}.AppStore|Any CPU.ActiveCfg = Debug|x86
		{53B233B5-D84C-4CE7-8EBB-46FB2F40FBDA}.AppStore|Any CPU.Build.0 = Debug|x86
		{53B233B5-D84C-4CE7-8EBB-46FB2F40FBDA}.AppStore|Any CPU.Deploy.0 = Debug|x86
		{53B233B5-D84C-4CE7-8EBB-46FB2F40FBDA}.AppStore|ARM.ActiveCfg = Debug|ARM
		{53B233B5-D84C-4CE7-8EBB-46FB2F40FBDA}.AppStore|ARM.Build.0 = Debug|ARM
		{53B233B5-D84C-4CE7-8EBB-46FB2F40FBDA}.AppStore|ARM.Deploy.0 = Debug|ARM
		{53B233B5-D84C-4CE7-8EBB-46FB2F40FBDA}.AppStore|ARM64.ActiveCfg = Debug|ARM64
		{53B233B5-D84C-4CE7-8EBB-46FB2F40FBDA}.AppStore|ARM64.Build.0 = Debug|ARM64
		{53B233B5-D84C-4CE7-8EBB-46FB2F40FBDA}.AppStore|ARM64.Deploy.0 = Debug|ARM64
		{53B233B5-D84C-4CE7-8EBB-46FB2F40FBDA}.AppStore|iPhone.ActiveCfg = Debug|x86
		{53B233B5-D84C-4CE7-8EBB-46FB2F40FBDA}.AppStore|iPhone.Build.0 = Debug|x86
		{53B233B5-D84C-4CE7-8EBB-46FB2F40FBDA}.AppStore|iPhone.Deploy.0 = Debug|x86
		{53B233B5-D84C-4CE7-8EBB-46FB2F40FBDA}.AppStore|iPhoneSimulator.ActiveCfg = Debug|x86
		{53B233B5-D84C-4CE7-8EBB-46FB2F40FBDA}.AppStore|iPhoneSimulator.Build.0 = Debug|x86
		{53B233B5-D84C-4CE7-8EBB-46FB2F40FBDA}.AppStore|iPhoneSimulator.Deploy.0 = Debug|x86
		{53B233B5-D84C-4CE7-8EBB-46FB2F40FBDA}.AppStore|x64.ActiveCfg = Debug|x64
		{53B233B5-D84C-4CE7-8EBB-46FB2F40FBDA}.AppStore|x64.Build.0 = Debug|x64
		{53B233B5-D84C-4CE7-8EBB-46FB2F40FBDA}.AppStore|x64.Deploy.0 = Debug|x64
		{53B233B5-D84C-4CE7-8EBB-46FB2F40FBDA}.AppStore|x86.ActiveCfg = Debug|x86
		{53B233B5-D84C-4CE7-8EBB-46FB2F40FBDA}.AppStore|x86.Build.0 = Debug|x86
		{53B233B5-D84C-4CE7-8EBB-46FB2F40FBDA}.AppStore|x86.Deploy.0 = Debug|x86
		{53B233B5-D84C-4CE7-8EBB-46FB2F40FBDA}.Debug|Any CPU.ActiveCfg = Debug|x86
		{53B233B5-D84C-4CE7-8EBB-46FB2F40FBDA}.Debug|Any CPU.Build.0 = Debug|x86
		{53B233B5-D84C-4CE7-8EBB-46FB2F40FBDA}.Debug|Any CPU.Deploy.0 = Debug|x86
		{53B233B5-D84C-4CE7-8EBB-46FB2F40FBDA}.Debug|ARM.ActiveCfg = Debug|ARM
		{53B233B5-D84C-4CE7-8EBB-46FB2F40FBDA}.Debug|ARM.Build.0 = Debug|ARM
		{53B233B5-D84C-4CE7-8EBB-46FB2F40FBDA}.Debug|ARM.Deploy.0 = Debug|ARM
		{53B233B5-D84C-4CE7-8EBB-46FB2F40FBDA}.Debug|ARM64.ActiveCfg = Debug|ARM64
		{53B233B5-D84C-4CE7-8EBB-46FB2F40FBDA}.Debug|ARM64.Build.0 = Debug|ARM64
		{53B233B5-D84C-4CE7-8EBB-46FB2F40FBDA}.Debug|ARM64.Deploy.0 = Debug|ARM64
		{53B233B5-D84C-4CE7-8EBB-46FB2F40FBDA}.Debug|iPhone.ActiveCfg = Debug|x86
		{53B233B5-D84C-4CE7-8EBB-46FB2F40FBDA}.Debug|iPhoneSimulator.ActiveCfg = Debug|x86
		{53B233B5-D84C-4CE7-8EBB-46FB2F40FBDA}.Debug|x64.ActiveCfg = Debug|x64
		{53B233B5-D84C-4CE7-8EBB-46FB2F40FBDA}.Debug|x64.Build.0 = Debug|x64
		{53B233B5-D84C-4CE7-8EBB-46FB2F40FBDA}.Debug|x64.Deploy.0 = Debug|x64
		{53B233B5-D84C-4CE7-8EBB-46FB2F40FBDA}.Debug|x86.ActiveCfg = Debug|x86
		{53B233B5-D84C-4CE7-8EBB-46FB2F40FBDA}.Debug|x86.Build.0 = Debug|x86
		{53B233B5-D84C-4CE7-8EBB-46FB2F40FBDA}.Debug|x86.Deploy.0 = Debug|x86
		{53B233B5-D84C-4CE7-8EBB-46FB2F40FBDA}.Release|Any CPU.ActiveCfg = Release|x86
		{53B233B5-D84C-4CE7-8EBB-46FB2F40FBDA}.Release|ARM.ActiveCfg = Release|ARM
		{53B233B5-D84C-4CE7-8EBB-46FB2F40FBDA}.Release|ARM.Build.0 = Release|ARM
		{53B233B5-D84C-4CE7-8EBB-46FB2F40FBDA}.Release|ARM.Deploy.0 = Release|ARM
		{53B233B5-D84C-4CE7-8EBB-46FB2F40FBDA}.Release|ARM64.ActiveCfg = Release|ARM64
		{53B233B5-D84C-4CE7-8EBB-46FB2F40FBDA}.Release|ARM64.Build.0 = Release|ARM64
		{53B233B5-D84C-4CE7-8EBB-46FB2F40FBDA}.Release|ARM64.Deploy.0 = Release|ARM64
		{53B233B5-D84C-4CE7-8EBB-46FB2F40FBDA}.Release|iPhone.ActiveCfg = Release|x86
		{53B233B5-D84C-4CE7-8EBB-46FB2F40FBDA}.Release|iPhoneSimulator.ActiveCfg = Release|x86
		{53B233B5-D84C-4CE7-8EBB-46FB2F40FBDA}.Release|x64.ActiveCfg = Release|x64
		{53B233B5-D84C-4CE7-8EBB-46FB2F40FBDA}.Release|x64.Build.0 = Release|x64
		{53B233B5-D84C-4CE7-8EBB-46FB2F40FBDA}.Release|x64.Deploy.0 = Release|x64
		{53B233B5-D84C-4CE7-8EBB-46FB2F40FBDA}.Release|x86.ActiveCfg = Release|x86
		{53B233B5-D84C-4CE7-8EBB-46FB2F40FBDA}.Release|x86.Build.0 = Release|x86
		{53B233B5-D84C-4CE7-8EBB-46FB2F40FBDA}.Release|x86.Deploy.0 = Release|x86
		{6BFF381C-B199-4FAF-923E-31BCE14508DD}.Ad-Hoc|Any CPU.ActiveCfg = Debug|Any CPU
		{6BFF381C-B199-4FAF-923E-31BCE14508DD}.Ad-Hoc|Any CPU.Build.0 = Debug|Any CPU
		{6BFF381C-B199-4FAF-923E-31BCE14508DD}.Ad-Hoc|ARM.ActiveCfg = Debug|Any CPU
		{6BFF381C-B199-4FAF-923E-31BCE14508DD}.Ad-Hoc|ARM.Build.0 = Debug|Any CPU
		{6BFF381C-B199-4FAF-923E-31BCE14508DD}.Ad-Hoc|ARM64.ActiveCfg = Debug|Any CPU
		{6BFF381C-B199-4FAF-923E-31BCE14508DD}.Ad-Hoc|ARM64.Build.0 = Debug|Any CPU
		{6BFF381C-B199-4FAF-923E-31BCE14508DD}.Ad-Hoc|iPhone.ActiveCfg = Debug|Any CPU
		{6BFF381C-B199-4FAF-923E-31BCE14508DD}.Ad-Hoc|iPhone.Build.0 = Debug|Any CPU
		{6BFF381C-B199-4FAF-923E-31BCE14508DD}.Ad-Hoc|iPhoneSimulator.ActiveCfg = Debug|Any CPU
		{6BFF381C-B199-4FAF-923E-31BCE14508DD}.Ad-Hoc|iPhoneSimulator.Build.0 = Debug|Any CPU
		{6BFF381C-B199-4FAF-923E-31BCE14508DD}.Ad-Hoc|x64.ActiveCfg = Debug|Any CPU
		{6BFF381C-B199-4FAF-923E-31BCE14508DD}.Ad-Hoc|x64.Build.0 = Debug|Any CPU
		{6BFF381C-B199-4FAF-923E-31BCE14508DD}.Ad-Hoc|x86.ActiveCfg = Debug|Any CPU
		{6BFF381C-B199-4FAF-923E-31BCE14508DD}.Ad-Hoc|x86.Build.0 = Debug|Any CPU
		{6BFF381C-B199-4FAF-923E-31BCE14508DD}.AppStore|Any CPU.ActiveCfg = Debug|Any CPU
		{6BFF381C-B199-4FAF-923E-31BCE14508DD}.AppStore|Any CPU.Build.0 = Debug|Any CPU
		{6BFF381C-B199-4FAF-923E-31BCE14508DD}.AppStore|ARM.ActiveCfg = Debug|Any CPU
		{6BFF381C-B199-4FAF-923E-31BCE14508DD}.AppStore|ARM.Build.0 = Debug|Any CPU
		{6BFF381C-B199-4FAF-923E-31BCE14508DD}.AppStore|ARM64.ActiveCfg = Debug|Any CPU
		{6BFF381C-B199-4FAF-923E-31BCE14508DD}.AppStore|ARM64.Build.0 = Debug|Any CPU
		{6BFF381C-B199-4FAF-923E-31BCE14508DD}.AppStore|iPhone.ActiveCfg = Debug|Any CPU
		{6BFF381C-B199-4FAF-923E-31BCE14508DD}.AppStore|iPhone.Build.0 = Debug|Any CPU
		{6BFF381C-B199-4FAF-923E-31BCE14508DD}.AppStore|iPhoneSimulator.ActiveCfg = Debug|Any CPU
		{6BFF381C-B199-4FAF-923E-31BCE14508DD}.AppStore|iPhoneSimulator.Build.0 = Debug|Any CPU
		{6BFF381C-B199-4FAF-923E-31BCE14508DD}.AppStore|x64.ActiveCfg = Debug|Any CPU
		{6BFF381C-B199-4FAF-923E-31BCE14508DD}.AppStore|x64.Build.0 = Debug|Any CPU
		{6BFF381C-B199-4FAF-923E-31BCE14508DD}.AppStore|x86.ActiveCfg = Debug|Any CPU
		{6BFF381C-B199-4FAF-923E-31BCE14508DD}.AppStore|x86.Build.0 = Debug|Any CPU
		{6BFF381C-B199-4FAF-923E-31BCE14508DD}.Debug|Any CPU.ActiveCfg = Debug|Any CPU
		{6BFF381C-B199-4FAF-923E-31BCE14508DD}.Debug|Any CPU.Build.0 = Debug|Any CPU
		{6BFF381C-B199-4FAF-923E-31BCE14508DD}.Debug|ARM.ActiveCfg = Debug|Any CPU
		{6BFF381C-B199-4FAF-923E-31BCE14508DD}.Debug|ARM.Build.0 = Debug|Any CPU
		{6BFF381C-B199-4FAF-923E-31BCE14508DD}.Debug|ARM64.ActiveCfg = Debug|Any CPU
		{6BFF381C-B199-4FAF-923E-31BCE14508DD}.Debug|ARM64.Build.0 = Debug|Any CPU
		{6BFF381C-B199-4FAF-923E-31BCE14508DD}.Debug|iPhone.ActiveCfg = Debug|Any CPU
		{6BFF381C-B199-4FAF-923E-31BCE14508DD}.Debug|iPhone.Build.0 = Debug|Any CPU
		{6BFF381C-B199-4FAF-923E-31BCE14508DD}.Debug|iPhoneSimulator.ActiveCfg = Debug|Any CPU
		{6BFF381C-B199-4FAF-923E-31BCE14508DD}.Debug|iPhoneSimulator.Build.0 = Debug|Any CPU
		{6BFF381C-B199-4FAF-923E-31BCE14508DD}.Debug|x64.ActiveCfg = Debug|Any CPU
		{6BFF381C-B199-4FAF-923E-31BCE14508DD}.Debug|x64.Build.0 = Debug|Any CPU
		{6BFF381C-B199-4FAF-923E-31BCE14508DD}.Debug|x86.ActiveCfg = Debug|Any CPU
		{6BFF381C-B199-4FAF-923E-31BCE14508DD}.Debug|x86.Build.0 = Debug|Any CPU
		{6BFF381C-B199-4FAF-923E-31BCE14508DD}.Release|Any CPU.ActiveCfg = Release|Any CPU
		{6BFF381C-B199-4FAF-923E-31BCE14508DD}.Release|Any CPU.Build.0 = Release|Any CPU
		{6BFF381C-B199-4FAF-923E-31BCE14508DD}.Release|ARM.ActiveCfg = Release|Any CPU
		{6BFF381C-B199-4FAF-923E-31BCE14508DD}.Release|ARM.Build.0 = Release|Any CPU
		{6BFF381C-B199-4FAF-923E-31BCE14508DD}.Release|ARM64.ActiveCfg = Release|Any CPU
		{6BFF381C-B199-4FAF-923E-31BCE14508DD}.Release|ARM64.Build.0 = Release|Any CPU
		{6BFF381C-B199-4FAF-923E-31BCE14508DD}.Release|iPhone.ActiveCfg = Release|Any CPU
		{6BFF381C-B199-4FAF-923E-31BCE14508DD}.Release|iPhone.Build.0 = Release|Any CPU
		{6BFF381C-B199-4FAF-923E-31BCE14508DD}.Release|iPhoneSimulator.ActiveCfg = Release|Any CPU
		{6BFF381C-B199-4FAF-923E-31BCE14508DD}.Release|iPhoneSimulator.Build.0 = Release|Any CPU
		{6BFF381C-B199-4FAF-923E-31BCE14508DD}.Release|x64.ActiveCfg = Release|Any CPU
		{6BFF381C-B199-4FAF-923E-31BCE14508DD}.Release|x64.Build.0 = Release|Any CPU
		{6BFF381C-B199-4FAF-923E-31BCE14508DD}.Release|x86.ActiveCfg = Release|Any CPU
		{6BFF381C-B199-4FAF-923E-31BCE14508DD}.Release|x86.Build.0 = Release|Any CPU
		{75BEBD24-796F-49F2-9A68-1290DA681E31}.Ad-Hoc|Any CPU.ActiveCfg = Debug|iPhoneSimulator
		{75BEBD24-796F-49F2-9A68-1290DA681E31}.Ad-Hoc|Any CPU.Build.0 = Debug|iPhoneSimulator
		{75BEBD24-796F-49F2-9A68-1290DA681E31}.Ad-Hoc|ARM.ActiveCfg = Debug|iPhoneSimulator
		{75BEBD24-796F-49F2-9A68-1290DA681E31}.Ad-Hoc|ARM.Build.0 = Debug|iPhoneSimulator
		{75BEBD24-796F-49F2-9A68-1290DA681E31}.Ad-Hoc|ARM64.ActiveCfg = Debug|iPhoneSimulator
		{75BEBD24-796F-49F2-9A68-1290DA681E31}.Ad-Hoc|ARM64.Build.0 = Debug|iPhoneSimulator
		{75BEBD24-796F-49F2-9A68-1290DA681E31}.Ad-Hoc|iPhone.ActiveCfg = Debug|iPhoneSimulator
		{75BEBD24-796F-49F2-9A68-1290DA681E31}.Ad-Hoc|iPhone.Build.0 = Debug|iPhoneSimulator
		{75BEBD24-796F-49F2-9A68-1290DA681E31}.Ad-Hoc|iPhoneSimulator.ActiveCfg = Debug|iPhoneSimulator
		{75BEBD24-796F-49F2-9A68-1290DA681E31}.Ad-Hoc|iPhoneSimulator.Build.0 = Debug|iPhoneSimulator
		{75BEBD24-796F-49F2-9A68-1290DA681E31}.Ad-Hoc|x64.ActiveCfg = Debug|iPhoneSimulator
		{75BEBD24-796F-49F2-9A68-1290DA681E31}.Ad-Hoc|x64.Build.0 = Debug|iPhoneSimulator
		{75BEBD24-796F-49F2-9A68-1290DA681E31}.Ad-Hoc|x86.ActiveCfg = Debug|iPhoneSimulator
		{75BEBD24-796F-49F2-9A68-1290DA681E31}.Ad-Hoc|x86.Build.0 = Debug|iPhoneSimulator
		{75BEBD24-796F-49F2-9A68-1290DA681E31}.AppStore|Any CPU.ActiveCfg = Debug|iPhoneSimulator
		{75BEBD24-796F-49F2-9A68-1290DA681E31}.AppStore|Any CPU.Build.0 = Debug|iPhoneSimulator
		{75BEBD24-796F-49F2-9A68-1290DA681E31}.AppStore|ARM.ActiveCfg = Debug|iPhoneSimulator
		{75BEBD24-796F-49F2-9A68-1290DA681E31}.AppStore|ARM.Build.0 = Debug|iPhoneSimulator
		{75BEBD24-796F-49F2-9A68-1290DA681E31}.AppStore|ARM64.ActiveCfg = Debug|iPhoneSimulator
		{75BEBD24-796F-49F2-9A68-1290DA681E31}.AppStore|ARM64.Build.0 = Debug|iPhoneSimulator
		{75BEBD24-796F-49F2-9A68-1290DA681E31}.AppStore|iPhone.ActiveCfg = Debug|iPhoneSimulator
		{75BEBD24-796F-49F2-9A68-1290DA681E31}.AppStore|iPhone.Build.0 = Debug|iPhoneSimulator
		{75BEBD24-796F-49F2-9A68-1290DA681E31}.AppStore|iPhoneSimulator.ActiveCfg = Debug|iPhoneSimulator
		{75BEBD24-796F-49F2-9A68-1290DA681E31}.AppStore|iPhoneSimulator.Build.0 = Debug|iPhoneSimulator
		{75BEBD24-796F-49F2-9A68-1290DA681E31}.AppStore|x64.ActiveCfg = Debug|iPhoneSimulator
		{75BEBD24-796F-49F2-9A68-1290DA681E31}.AppStore|x64.Build.0 = Debug|iPhoneSimulator
		{75BEBD24-796F-49F2-9A68-1290DA681E31}.AppStore|x86.ActiveCfg = Debug|iPhoneSimulator
		{75BEBD24-796F-49F2-9A68-1290DA681E31}.AppStore|x86.Build.0 = Debug|iPhoneSimulator
		{75BEBD24-796F-49F2-9A68-1290DA681E31}.Debug|Any CPU.ActiveCfg = Debug|iPhoneSimulator
		{75BEBD24-796F-49F2-9A68-1290DA681E31}.Debug|ARM.ActiveCfg = Debug|iPhoneSimulator
		{75BEBD24-796F-49F2-9A68-1290DA681E31}.Debug|ARM64.ActiveCfg = Debug|iPhoneSimulator
		{75BEBD24-796F-49F2-9A68-1290DA681E31}.Debug|iPhone.ActiveCfg = Debug|iPhoneSimulator
		{75BEBD24-796F-49F2-9A68-1290DA681E31}.Debug|iPhoneSimulator.ActiveCfg = Debug|iPhoneSimulator
		{75BEBD24-796F-49F2-9A68-1290DA681E31}.Debug|iPhoneSimulator.Build.0 = Debug|iPhoneSimulator
		{75BEBD24-796F-49F2-9A68-1290DA681E31}.Debug|x64.ActiveCfg = Debug|iPhoneSimulator
		{75BEBD24-796F-49F2-9A68-1290DA681E31}.Debug|x86.ActiveCfg = Debug|iPhoneSimulator
		{75BEBD24-796F-49F2-9A68-1290DA681E31}.Release|Any CPU.ActiveCfg = Release|iPhoneSimulator
		{75BEBD24-796F-49F2-9A68-1290DA681E31}.Release|ARM.ActiveCfg = Release|iPhoneSimulator
		{75BEBD24-796F-49F2-9A68-1290DA681E31}.Release|ARM64.ActiveCfg = Release|iPhoneSimulator
		{75BEBD24-796F-49F2-9A68-1290DA681E31}.Release|iPhone.ActiveCfg = Release|iPhoneSimulator
		{75BEBD24-796F-49F2-9A68-1290DA681E31}.Release|iPhoneSimulator.ActiveCfg = Release|iPhoneSimulator
		{75BEBD24-796F-49F2-9A68-1290DA681E31}.Release|iPhoneSimulator.Build.0 = Release|iPhoneSimulator
		{75BEBD24-796F-49F2-9A68-1290DA681E31}.Release|x64.ActiveCfg = Release|iPhoneSimulator
		{75BEBD24-796F-49F2-9A68-1290DA681E31}.Release|x86.ActiveCfg = Release|iPhoneSimulator
		{3512C8A9-44BD-48F5-9A6E-14E9CDBEE2D6}.Ad-Hoc|Any CPU.ActiveCfg = Debug|Any CPU
		{3512C8A9-44BD-48F5-9A6E-14E9CDBEE2D6}.Ad-Hoc|Any CPU.Build.0 = Debug|Any CPU
		{3512C8A9-44BD-48F5-9A6E-14E9CDBEE2D6}.Ad-Hoc|ARM.ActiveCfg = Debug|Any CPU
		{3512C8A9-44BD-48F5-9A6E-14E9CDBEE2D6}.Ad-Hoc|ARM.Build.0 = Debug|Any CPU
		{3512C8A9-44BD-48F5-9A6E-14E9CDBEE2D6}.Ad-Hoc|ARM64.ActiveCfg = Debug|Any CPU
		{3512C8A9-44BD-48F5-9A6E-14E9CDBEE2D6}.Ad-Hoc|ARM64.Build.0 = Debug|Any CPU
		{3512C8A9-44BD-48F5-9A6E-14E9CDBEE2D6}.Ad-Hoc|iPhone.ActiveCfg = Debug|Any CPU
		{3512C8A9-44BD-48F5-9A6E-14E9CDBEE2D6}.Ad-Hoc|iPhone.Build.0 = Debug|Any CPU
		{3512C8A9-44BD-48F5-9A6E-14E9CDBEE2D6}.Ad-Hoc|iPhoneSimulator.ActiveCfg = Debug|Any CPU
		{3512C8A9-44BD-48F5-9A6E-14E9CDBEE2D6}.Ad-Hoc|iPhoneSimulator.Build.0 = Debug|Any CPU
		{3512C8A9-44BD-48F5-9A6E-14E9CDBEE2D6}.Ad-Hoc|x64.ActiveCfg = Debug|Any CPU
		{3512C8A9-44BD-48F5-9A6E-14E9CDBEE2D6}.Ad-Hoc|x64.Build.0 = Debug|Any CPU
		{3512C8A9-44BD-48F5-9A6E-14E9CDBEE2D6}.Ad-Hoc|x86.ActiveCfg = Debug|Any CPU
		{3512C8A9-44BD-48F5-9A6E-14E9CDBEE2D6}.Ad-Hoc|x86.Build.0 = Debug|Any CPU
		{3512C8A9-44BD-48F5-9A6E-14E9CDBEE2D6}.AppStore|Any CPU.ActiveCfg = Debug|Any CPU
		{3512C8A9-44BD-48F5-9A6E-14E9CDBEE2D6}.AppStore|Any CPU.Build.0 = Debug|Any CPU
		{3512C8A9-44BD-48F5-9A6E-14E9CDBEE2D6}.AppStore|ARM.ActiveCfg = Debug|Any CPU
		{3512C8A9-44BD-48F5-9A6E-14E9CDBEE2D6}.AppStore|ARM.Build.0 = Debug|Any CPU
		{3512C8A9-44BD-48F5-9A6E-14E9CDBEE2D6}.AppStore|ARM64.ActiveCfg = Debug|Any CPU
		{3512C8A9-44BD-48F5-9A6E-14E9CDBEE2D6}.AppStore|ARM64.Build.0 = Debug|Any CPU
		{3512C8A9-44BD-48F5-9A6E-14E9CDBEE2D6}.AppStore|iPhone.ActiveCfg = Debug|Any CPU
		{3512C8A9-44BD-48F5-9A6E-14E9CDBEE2D6}.AppStore|iPhone.Build.0 = Debug|Any CPU
		{3512C8A9-44BD-48F5-9A6E-14E9CDBEE2D6}.AppStore|iPhoneSimulator.ActiveCfg = Debug|Any CPU
		{3512C8A9-44BD-48F5-9A6E-14E9CDBEE2D6}.AppStore|iPhoneSimulator.Build.0 = Debug|Any CPU
		{3512C8A9-44BD-48F5-9A6E-14E9CDBEE2D6}.AppStore|x64.ActiveCfg = Debug|Any CPU
		{3512C8A9-44BD-48F5-9A6E-14E9CDBEE2D6}.AppStore|x64.Build.0 = Debug|Any CPU
		{3512C8A9-44BD-48F5-9A6E-14E9CDBEE2D6}.AppStore|x86.ActiveCfg = Debug|Any CPU
		{3512C8A9-44BD-48F5-9A6E-14E9CDBEE2D6}.AppStore|x86.Build.0 = Debug|Any CPU
		{3512C8A9-44BD-48F5-9A6E-14E9CDBEE2D6}.Debug|Any CPU.ActiveCfg = Debug|Any CPU
		{3512C8A9-44BD-48F5-9A6E-14E9CDBEE2D6}.Debug|Any CPU.Build.0 = Debug|Any CPU
		{3512C8A9-44BD-48F5-9A6E-14E9CDBEE2D6}.Debug|ARM.ActiveCfg = Debug|Any CPU
		{3512C8A9-44BD-48F5-9A6E-14E9CDBEE2D6}.Debug|ARM.Build.0 = Debug|Any CPU
		{3512C8A9-44BD-48F5-9A6E-14E9CDBEE2D6}.Debug|ARM64.ActiveCfg = Debug|Any CPU
		{3512C8A9-44BD-48F5-9A6E-14E9CDBEE2D6}.Debug|ARM64.Build.0 = Debug|Any CPU
		{3512C8A9-44BD-48F5-9A6E-14E9CDBEE2D6}.Debug|iPhone.ActiveCfg = Debug|Any CPU
		{3512C8A9-44BD-48F5-9A6E-14E9CDBEE2D6}.Debug|iPhone.Build.0 = Debug|Any CPU
		{3512C8A9-44BD-48F5-9A6E-14E9CDBEE2D6}.Debug|iPhoneSimulator.ActiveCfg = Debug|Any CPU
		{3512C8A9-44BD-48F5-9A6E-14E9CDBEE2D6}.Debug|iPhoneSimulator.Build.0 = Debug|Any CPU
		{3512C8A9-44BD-48F5-9A6E-14E9CDBEE2D6}.Debug|x64.ActiveCfg = Debug|Any CPU
		{3512C8A9-44BD-48F5-9A6E-14E9CDBEE2D6}.Debug|x64.Build.0 = Debug|Any CPU
		{3512C8A9-44BD-48F5-9A6E-14E9CDBEE2D6}.Debug|x86.ActiveCfg = Debug|Any CPU
		{3512C8A9-44BD-48F5-9A6E-14E9CDBEE2D6}.Debug|x86.Build.0 = Debug|Any CPU
		{3512C8A9-44BD-48F5-9A6E-14E9CDBEE2D6}.Release|Any CPU.ActiveCfg = Release|Any CPU
		{3512C8A9-44BD-48F5-9A6E-14E9CDBEE2D6}.Release|Any CPU.Build.0 = Release|Any CPU
		{3512C8A9-44BD-48F5-9A6E-14E9CDBEE2D6}.Release|ARM.ActiveCfg = Release|Any CPU
		{3512C8A9-44BD-48F5-9A6E-14E9CDBEE2D6}.Release|ARM.Build.0 = Release|Any CPU
		{3512C8A9-44BD-48F5-9A6E-14E9CDBEE2D6}.Release|ARM64.ActiveCfg = Release|Any CPU
		{3512C8A9-44BD-48F5-9A6E-14E9CDBEE2D6}.Release|ARM64.Build.0 = Release|Any CPU
		{3512C8A9-44BD-48F5-9A6E-14E9CDBEE2D6}.Release|iPhone.ActiveCfg = Release|Any CPU
		{3512C8A9-44BD-48F5-9A6E-14E9CDBEE2D6}.Release|iPhone.Build.0 = Release|Any CPU
		{3512C8A9-44BD-48F5-9A6E-14E9CDBEE2D6}.Release|iPhoneSimulator.ActiveCfg = Release|Any CPU
		{3512C8A9-44BD-48F5-9A6E-14E9CDBEE2D6}.Release|iPhoneSimulator.Build.0 = Release|Any CPU
		{3512C8A9-44BD-48F5-9A6E-14E9CDBEE2D6}.Release|x64.ActiveCfg = Release|Any CPU
		{3512C8A9-44BD-48F5-9A6E-14E9CDBEE2D6}.Release|x64.Build.0 = Release|Any CPU
		{3512C8A9-44BD-48F5-9A6E-14E9CDBEE2D6}.Release|x86.ActiveCfg = Release|Any CPU
		{3512C8A9-44BD-48F5-9A6E-14E9CDBEE2D6}.Release|x86.Build.0 = Release|Any CPU
		{5EF56780-0344-4946-8419-5CA729FC4F42}.Ad-Hoc|Any CPU.ActiveCfg = Debug|Any CPU
		{5EF56780-0344-4946-8419-5CA729FC4F42}.Ad-Hoc|Any CPU.Build.0 = Debug|Any CPU
		{5EF56780-0344-4946-8419-5CA729FC4F42}.Ad-Hoc|ARM.ActiveCfg = Debug|Any CPU
		{5EF56780-0344-4946-8419-5CA729FC4F42}.Ad-Hoc|ARM.Build.0 = Debug|Any CPU
		{5EF56780-0344-4946-8419-5CA729FC4F42}.Ad-Hoc|ARM64.ActiveCfg = Debug|Any CPU
		{5EF56780-0344-4946-8419-5CA729FC4F42}.Ad-Hoc|ARM64.Build.0 = Debug|Any CPU
		{5EF56780-0344-4946-8419-5CA729FC4F42}.Ad-Hoc|iPhone.ActiveCfg = Debug|Any CPU
		{5EF56780-0344-4946-8419-5CA729FC4F42}.Ad-Hoc|iPhone.Build.0 = Debug|Any CPU
		{5EF56780-0344-4946-8419-5CA729FC4F42}.Ad-Hoc|iPhoneSimulator.ActiveCfg = Debug|Any CPU
		{5EF56780-0344-4946-8419-5CA729FC4F42}.Ad-Hoc|iPhoneSimulator.Build.0 = Debug|Any CPU
		{5EF56780-0344-4946-8419-5CA729FC4F42}.Ad-Hoc|x64.ActiveCfg = Debug|Any CPU
		{5EF56780-0344-4946-8419-5CA729FC4F42}.Ad-Hoc|x64.Build.0 = Debug|Any CPU
		{5EF56780-0344-4946-8419-5CA729FC4F42}.Ad-Hoc|x86.ActiveCfg = Debug|Any CPU
		{5EF56780-0344-4946-8419-5CA729FC4F42}.Ad-Hoc|x86.Build.0 = Debug|Any CPU
		{5EF56780-0344-4946-8419-5CA729FC4F42}.AppStore|Any CPU.ActiveCfg = Debug|Any CPU
		{5EF56780-0344-4946-8419-5CA729FC4F42}.AppStore|Any CPU.Build.0 = Debug|Any CPU
		{5EF56780-0344-4946-8419-5CA729FC4F42}.AppStore|ARM.ActiveCfg = Debug|Any CPU
		{5EF56780-0344-4946-8419-5CA729FC4F42}.AppStore|ARM.Build.0 = Debug|Any CPU
		{5EF56780-0344-4946-8419-5CA729FC4F42}.AppStore|ARM64.ActiveCfg = Debug|Any CPU
		{5EF56780-0344-4946-8419-5CA729FC4F42}.AppStore|ARM64.Build.0 = Debug|Any CPU
		{5EF56780-0344-4946-8419-5CA729FC4F42}.AppStore|iPhone.ActiveCfg = Debug|Any CPU
		{5EF56780-0344-4946-8419-5CA729FC4F42}.AppStore|iPhone.Build.0 = Debug|Any CPU
		{5EF56780-0344-4946-8419-5CA729FC4F42}.AppStore|iPhoneSimulator.ActiveCfg = Debug|Any CPU
		{5EF56780-0344-4946-8419-5CA729FC4F42}.AppStore|iPhoneSimulator.Build.0 = Debug|Any CPU
		{5EF56780-0344-4946-8419-5CA729FC4F42}.AppStore|x64.ActiveCfg = Debug|Any CPU
		{5EF56780-0344-4946-8419-5CA729FC4F42}.AppStore|x64.Build.0 = Debug|Any CPU
		{5EF56780-0344-4946-8419-5CA729FC4F42}.AppStore|x86.ActiveCfg = Debug|Any CPU
		{5EF56780-0344-4946-8419-5CA729FC4F42}.AppStore|x86.Build.0 = Debug|Any CPU
		{5EF56780-0344-4946-8419-5CA729FC4F42}.Debug|Any CPU.ActiveCfg = Debug|Any CPU
		{5EF56780-0344-4946-8419-5CA729FC4F42}.Debug|Any CPU.Build.0 = Debug|Any CPU
		{5EF56780-0344-4946-8419-5CA729FC4F42}.Debug|ARM.ActiveCfg = Debug|Any CPU
		{5EF56780-0344-4946-8419-5CA729FC4F42}.Debug|ARM.Build.0 = Debug|Any CPU
		{5EF56780-0344-4946-8419-5CA729FC4F42}.Debug|ARM64.ActiveCfg = Debug|Any CPU
		{5EF56780-0344-4946-8419-5CA729FC4F42}.Debug|ARM64.Build.0 = Debug|Any CPU
		{5EF56780-0344-4946-8419-5CA729FC4F42}.Debug|iPhone.ActiveCfg = Debug|Any CPU
		{5EF56780-0344-4946-8419-5CA729FC4F42}.Debug|iPhone.Build.0 = Debug|Any CPU
		{5EF56780-0344-4946-8419-5CA729FC4F42}.Debug|iPhoneSimulator.ActiveCfg = Debug|Any CPU
		{5EF56780-0344-4946-8419-5CA729FC4F42}.Debug|iPhoneSimulator.Build.0 = Debug|Any CPU
		{5EF56780-0344-4946-8419-5CA729FC4F42}.Debug|x64.ActiveCfg = Debug|Any CPU
		{5EF56780-0344-4946-8419-5CA729FC4F42}.Debug|x64.Build.0 = Debug|Any CPU
		{5EF56780-0344-4946-8419-5CA729FC4F42}.Debug|x86.ActiveCfg = Debug|Any CPU
		{5EF56780-0344-4946-8419-5CA729FC4F42}.Debug|x86.Build.0 = Debug|Any CPU
		{5EF56780-0344-4946-8419-5CA729FC4F42}.Release|Any CPU.ActiveCfg = Release|Any CPU
		{5EF56780-0344-4946-8419-5CA729FC4F42}.Release|Any CPU.Build.0 = Release|Any CPU
		{5EF56780-0344-4946-8419-5CA729FC4F42}.Release|ARM.ActiveCfg = Release|Any CPU
		{5EF56780-0344-4946-8419-5CA729FC4F42}.Release|ARM.Build.0 = Release|Any CPU
		{5EF56780-0344-4946-8419-5CA729FC4F42}.Release|ARM64.ActiveCfg = Release|Any CPU
		{5EF56780-0344-4946-8419-5CA729FC4F42}.Release|ARM64.Build.0 = Release|Any CPU
		{5EF56780-0344-4946-8419-5CA729FC4F42}.Release|iPhone.ActiveCfg = Release|Any CPU
		{5EF56780-0344-4946-8419-5CA729FC4F42}.Release|iPhone.Build.0 = Release|Any CPU
		{5EF56780-0344-4946-8419-5CA729FC4F42}.Release|iPhoneSimulator.ActiveCfg = Release|Any CPU
		{5EF56780-0344-4946-8419-5CA729FC4F42}.Release|iPhoneSimulator.Build.0 = Release|Any CPU
		{5EF56780-0344-4946-8419-5CA729FC4F42}.Release|x64.ActiveCfg = Release|Any CPU
		{5EF56780-0344-4946-8419-5CA729FC4F42}.Release|x64.Build.0 = Release|Any CPU
		{5EF56780-0344-4946-8419-5CA729FC4F42}.Release|x86.ActiveCfg = Release|Any CPU
		{5EF56780-0344-4946-8419-5CA729FC4F42}.Release|x86.Build.0 = Release|Any CPU
		{105F81B6-1B52-4CAF-8C70-0B78BA8A04B5}.Ad-Hoc|Any CPU.ActiveCfg = Debug|Any CPU
		{105F81B6-1B52-4CAF-8C70-0B78BA8A04B5}.Ad-Hoc|Any CPU.Build.0 = Debug|Any CPU
		{105F81B6-1B52-4CAF-8C70-0B78BA8A04B5}.Ad-Hoc|ARM.ActiveCfg = Debug|Any CPU
		{105F81B6-1B52-4CAF-8C70-0B78BA8A04B5}.Ad-Hoc|ARM.Build.0 = Debug|Any CPU
		{105F81B6-1B52-4CAF-8C70-0B78BA8A04B5}.Ad-Hoc|ARM64.ActiveCfg = Debug|Any CPU
		{105F81B6-1B52-4CAF-8C70-0B78BA8A04B5}.Ad-Hoc|ARM64.Build.0 = Debug|Any CPU
		{105F81B6-1B52-4CAF-8C70-0B78BA8A04B5}.Ad-Hoc|iPhone.ActiveCfg = Debug|Any CPU
		{105F81B6-1B52-4CAF-8C70-0B78BA8A04B5}.Ad-Hoc|iPhone.Build.0 = Debug|Any CPU
		{105F81B6-1B52-4CAF-8C70-0B78BA8A04B5}.Ad-Hoc|iPhoneSimulator.ActiveCfg = Debug|Any CPU
		{105F81B6-1B52-4CAF-8C70-0B78BA8A04B5}.Ad-Hoc|iPhoneSimulator.Build.0 = Debug|Any CPU
		{105F81B6-1B52-4CAF-8C70-0B78BA8A04B5}.Ad-Hoc|x64.ActiveCfg = Debug|Any CPU
		{105F81B6-1B52-4CAF-8C70-0B78BA8A04B5}.Ad-Hoc|x64.Build.0 = Debug|Any CPU
		{105F81B6-1B52-4CAF-8C70-0B78BA8A04B5}.Ad-Hoc|x86.ActiveCfg = Debug|Any CPU
		{105F81B6-1B52-4CAF-8C70-0B78BA8A04B5}.Ad-Hoc|x86.Build.0 = Debug|Any CPU
		{105F81B6-1B52-4CAF-8C70-0B78BA8A04B5}.AppStore|Any CPU.ActiveCfg = Debug|Any CPU
		{105F81B6-1B52-4CAF-8C70-0B78BA8A04B5}.AppStore|Any CPU.Build.0 = Debug|Any CPU
		{105F81B6-1B52-4CAF-8C70-0B78BA8A04B5}.AppStore|ARM.ActiveCfg = Debug|Any CPU
		{105F81B6-1B52-4CAF-8C70-0B78BA8A04B5}.AppStore|ARM.Build.0 = Debug|Any CPU
		{105F81B6-1B52-4CAF-8C70-0B78BA8A04B5}.AppStore|ARM64.ActiveCfg = Debug|Any CPU
		{105F81B6-1B52-4CAF-8C70-0B78BA8A04B5}.AppStore|ARM64.Build.0 = Debug|Any CPU
		{105F81B6-1B52-4CAF-8C70-0B78BA8A04B5}.AppStore|iPhone.ActiveCfg = Debug|Any CPU
		{105F81B6-1B52-4CAF-8C70-0B78BA8A04B5}.AppStore|iPhone.Build.0 = Debug|Any CPU
		{105F81B6-1B52-4CAF-8C70-0B78BA8A04B5}.AppStore|iPhoneSimulator.ActiveCfg = Debug|Any CPU
		{105F81B6-1B52-4CAF-8C70-0B78BA8A04B5}.AppStore|iPhoneSimulator.Build.0 = Debug|Any CPU
		{105F81B6-1B52-4CAF-8C70-0B78BA8A04B5}.AppStore|x64.ActiveCfg = Debug|Any CPU
		{105F81B6-1B52-4CAF-8C70-0B78BA8A04B5}.AppStore|x64.Build.0 = Debug|Any CPU
		{105F81B6-1B52-4CAF-8C70-0B78BA8A04B5}.AppStore|x86.ActiveCfg = Debug|Any CPU
		{105F81B6-1B52-4CAF-8C70-0B78BA8A04B5}.AppStore|x86.Build.0 = Debug|Any CPU
		{105F81B6-1B52-4CAF-8C70-0B78BA8A04B5}.Debug|Any CPU.ActiveCfg = Debug|Any CPU
		{105F81B6-1B52-4CAF-8C70-0B78BA8A04B5}.Debug|Any CPU.Build.0 = Debug|Any CPU
		{105F81B6-1B52-4CAF-8C70-0B78BA8A04B5}.Debug|ARM.ActiveCfg = Debug|Any CPU
		{105F81B6-1B52-4CAF-8C70-0B78BA8A04B5}.Debug|ARM.Build.0 = Debug|Any CPU
		{105F81B6-1B52-4CAF-8C70-0B78BA8A04B5}.Debug|ARM64.ActiveCfg = Debug|Any CPU
		{105F81B6-1B52-4CAF-8C70-0B78BA8A04B5}.Debug|ARM64.Build.0 = Debug|Any CPU
		{105F81B6-1B52-4CAF-8C70-0B78BA8A04B5}.Debug|iPhone.ActiveCfg = Debug|Any CPU
		{105F81B6-1B52-4CAF-8C70-0B78BA8A04B5}.Debug|iPhone.Build.0 = Debug|Any CPU
		{105F81B6-1B52-4CAF-8C70-0B78BA8A04B5}.Debug|iPhoneSimulator.ActiveCfg = Debug|Any CPU
		{105F81B6-1B52-4CAF-8C70-0B78BA8A04B5}.Debug|iPhoneSimulator.Build.0 = Debug|Any CPU
		{105F81B6-1B52-4CAF-8C70-0B78BA8A04B5}.Debug|x64.ActiveCfg = Debug|Any CPU
		{105F81B6-1B52-4CAF-8C70-0B78BA8A04B5}.Debug|x64.Build.0 = Debug|Any CPU
		{105F81B6-1B52-4CAF-8C70-0B78BA8A04B5}.Debug|x86.ActiveCfg = Debug|Any CPU
		{105F81B6-1B52-4CAF-8C70-0B78BA8A04B5}.Debug|x86.Build.0 = Debug|Any CPU
		{105F81B6-1B52-4CAF-8C70-0B78BA8A04B5}.Release|Any CPU.ActiveCfg = Release|Any CPU
		{105F81B6-1B52-4CAF-8C70-0B78BA8A04B5}.Release|Any CPU.Build.0 = Release|Any CPU
		{105F81B6-1B52-4CAF-8C70-0B78BA8A04B5}.Release|ARM.ActiveCfg = Release|Any CPU
		{105F81B6-1B52-4CAF-8C70-0B78BA8A04B5}.Release|ARM.Build.0 = Release|Any CPU
		{105F81B6-1B52-4CAF-8C70-0B78BA8A04B5}.Release|ARM64.ActiveCfg = Release|Any CPU
		{105F81B6-1B52-4CAF-8C70-0B78BA8A04B5}.Release|ARM64.Build.0 = Release|Any CPU
		{105F81B6-1B52-4CAF-8C70-0B78BA8A04B5}.Release|iPhone.ActiveCfg = Release|Any CPU
		{105F81B6-1B52-4CAF-8C70-0B78BA8A04B5}.Release|iPhone.Build.0 = Release|Any CPU
		{105F81B6-1B52-4CAF-8C70-0B78BA8A04B5}.Release|iPhoneSimulator.ActiveCfg = Release|Any CPU
		{105F81B6-1B52-4CAF-8C70-0B78BA8A04B5}.Release|iPhoneSimulator.Build.0 = Release|Any CPU
		{105F81B6-1B52-4CAF-8C70-0B78BA8A04B5}.Release|x64.ActiveCfg = Release|Any CPU
		{105F81B6-1B52-4CAF-8C70-0B78BA8A04B5}.Release|x64.Build.0 = Release|Any CPU
		{105F81B6-1B52-4CAF-8C70-0B78BA8A04B5}.Release|x86.ActiveCfg = Release|Any CPU
		{105F81B6-1B52-4CAF-8C70-0B78BA8A04B5}.Release|x86.Build.0 = Release|Any CPU
		{9C3D88A4-2D33-46D9-94E3-DE79D6C0840C}.Ad-Hoc|Any CPU.ActiveCfg = Debug|Any CPU
		{9C3D88A4-2D33-46D9-94E3-DE79D6C0840C}.Ad-Hoc|Any CPU.Build.0 = Debug|Any CPU
		{9C3D88A4-2D33-46D9-94E3-DE79D6C0840C}.Ad-Hoc|ARM.ActiveCfg = Debug|Any CPU
		{9C3D88A4-2D33-46D9-94E3-DE79D6C0840C}.Ad-Hoc|ARM.Build.0 = Debug|Any CPU
		{9C3D88A4-2D33-46D9-94E3-DE79D6C0840C}.Ad-Hoc|ARM64.ActiveCfg = Debug|Any CPU
		{9C3D88A4-2D33-46D9-94E3-DE79D6C0840C}.Ad-Hoc|ARM64.Build.0 = Debug|Any CPU
		{9C3D88A4-2D33-46D9-94E3-DE79D6C0840C}.Ad-Hoc|iPhone.ActiveCfg = Debug|Any CPU
		{9C3D88A4-2D33-46D9-94E3-DE79D6C0840C}.Ad-Hoc|iPhone.Build.0 = Debug|Any CPU
		{9C3D88A4-2D33-46D9-94E3-DE79D6C0840C}.Ad-Hoc|iPhoneSimulator.ActiveCfg = Debug|Any CPU
		{9C3D88A4-2D33-46D9-94E3-DE79D6C0840C}.Ad-Hoc|iPhoneSimulator.Build.0 = Debug|Any CPU
		{9C3D88A4-2D33-46D9-94E3-DE79D6C0840C}.Ad-Hoc|x64.ActiveCfg = Debug|Any CPU
		{9C3D88A4-2D33-46D9-94E3-DE79D6C0840C}.Ad-Hoc|x64.Build.0 = Debug|Any CPU
		{9C3D88A4-2D33-46D9-94E3-DE79D6C0840C}.Ad-Hoc|x86.ActiveCfg = Debug|Any CPU
		{9C3D88A4-2D33-46D9-94E3-DE79D6C0840C}.Ad-Hoc|x86.Build.0 = Debug|Any CPU
		{9C3D88A4-2D33-46D9-94E3-DE79D6C0840C}.AppStore|Any CPU.ActiveCfg = Debug|Any CPU
		{9C3D88A4-2D33-46D9-94E3-DE79D6C0840C}.AppStore|Any CPU.Build.0 = Debug|Any CPU
		{9C3D88A4-2D33-46D9-94E3-DE79D6C0840C}.AppStore|ARM.ActiveCfg = Debug|Any CPU
		{9C3D88A4-2D33-46D9-94E3-DE79D6C0840C}.AppStore|ARM.Build.0 = Debug|Any CPU
		{9C3D88A4-2D33-46D9-94E3-DE79D6C0840C}.AppStore|ARM64.ActiveCfg = Debug|Any CPU
		{9C3D88A4-2D33-46D9-94E3-DE79D6C0840C}.AppStore|ARM64.Build.0 = Debug|Any CPU
		{9C3D88A4-2D33-46D9-94E3-DE79D6C0840C}.AppStore|iPhone.ActiveCfg = Debug|Any CPU
		{9C3D88A4-2D33-46D9-94E3-DE79D6C0840C}.AppStore|iPhone.Build.0 = Debug|Any CPU
		{9C3D88A4-2D33-46D9-94E3-DE79D6C0840C}.AppStore|iPhoneSimulator.ActiveCfg = Debug|Any CPU
		{9C3D88A4-2D33-46D9-94E3-DE79D6C0840C}.AppStore|iPhoneSimulator.Build.0 = Debug|Any CPU
		{9C3D88A4-2D33-46D9-94E3-DE79D6C0840C}.AppStore|x64.ActiveCfg = Debug|Any CPU
		{9C3D88A4-2D33-46D9-94E3-DE79D6C0840C}.AppStore|x64.Build.0 = Debug|Any CPU
		{9C3D88A4-2D33-46D9-94E3-DE79D6C0840C}.AppStore|x86.ActiveCfg = Debug|Any CPU
		{9C3D88A4-2D33-46D9-94E3-DE79D6C0840C}.AppStore|x86.Build.0 = Debug|Any CPU
		{9C3D88A4-2D33-46D9-94E3-DE79D6C0840C}.Debug|Any CPU.ActiveCfg = Debug|Any CPU
		{9C3D88A4-2D33-46D9-94E3-DE79D6C0840C}.Debug|Any CPU.Build.0 = Debug|Any CPU
		{9C3D88A4-2D33-46D9-94E3-DE79D6C0840C}.Debug|ARM.ActiveCfg = Debug|Any CPU
		{9C3D88A4-2D33-46D9-94E3-DE79D6C0840C}.Debug|ARM.Build.0 = Debug|Any CPU
		{9C3D88A4-2D33-46D9-94E3-DE79D6C0840C}.Debug|ARM64.ActiveCfg = Debug|Any CPU
		{9C3D88A4-2D33-46D9-94E3-DE79D6C0840C}.Debug|ARM64.Build.0 = Debug|Any CPU
		{9C3D88A4-2D33-46D9-94E3-DE79D6C0840C}.Debug|iPhone.ActiveCfg = Debug|Any CPU
		{9C3D88A4-2D33-46D9-94E3-DE79D6C0840C}.Debug|iPhone.Build.0 = Debug|Any CPU
		{9C3D88A4-2D33-46D9-94E3-DE79D6C0840C}.Debug|iPhoneSimulator.ActiveCfg = Debug|Any CPU
		{9C3D88A4-2D33-46D9-94E3-DE79D6C0840C}.Debug|iPhoneSimulator.Build.0 = Debug|Any CPU
		{9C3D88A4-2D33-46D9-94E3-DE79D6C0840C}.Debug|x64.ActiveCfg = Debug|Any CPU
		{9C3D88A4-2D33-46D9-94E3-DE79D6C0840C}.Debug|x64.Build.0 = Debug|Any CPU
		{9C3D88A4-2D33-46D9-94E3-DE79D6C0840C}.Debug|x86.ActiveCfg = Debug|Any CPU
		{9C3D88A4-2D33-46D9-94E3-DE79D6C0840C}.Debug|x86.Build.0 = Debug|Any CPU
		{9C3D88A4-2D33-46D9-94E3-DE79D6C0840C}.Release|Any CPU.ActiveCfg = Release|Any CPU
		{9C3D88A4-2D33-46D9-94E3-DE79D6C0840C}.Release|Any CPU.Build.0 = Release|Any CPU
		{9C3D88A4-2D33-46D9-94E3-DE79D6C0840C}.Release|ARM.ActiveCfg = Release|Any CPU
		{9C3D88A4-2D33-46D9-94E3-DE79D6C0840C}.Release|ARM.Build.0 = Release|Any CPU
		{9C3D88A4-2D33-46D9-94E3-DE79D6C0840C}.Release|ARM64.ActiveCfg = Release|Any CPU
		{9C3D88A4-2D33-46D9-94E3-DE79D6C0840C}.Release|ARM64.Build.0 = Release|Any CPU
		{9C3D88A4-2D33-46D9-94E3-DE79D6C0840C}.Release|iPhone.ActiveCfg = Release|Any CPU
		{9C3D88A4-2D33-46D9-94E3-DE79D6C0840C}.Release|iPhone.Build.0 = Release|Any CPU
		{9C3D88A4-2D33-46D9-94E3-DE79D6C0840C}.Release|iPhoneSimulator.ActiveCfg = Release|Any CPU
		{9C3D88A4-2D33-46D9-94E3-DE79D6C0840C}.Release|iPhoneSimulator.Build.0 = Release|Any CPU
		{9C3D88A4-2D33-46D9-94E3-DE79D6C0840C}.Release|x64.ActiveCfg = Release|Any CPU
		{9C3D88A4-2D33-46D9-94E3-DE79D6C0840C}.Release|x64.Build.0 = Release|Any CPU
		{9C3D88A4-2D33-46D9-94E3-DE79D6C0840C}.Release|x86.ActiveCfg = Release|Any CPU
		{9C3D88A4-2D33-46D9-94E3-DE79D6C0840C}.Release|x86.Build.0 = Release|Any CPU
	EndGlobalSection
	GlobalSection(SolutionProperties) = preSolution
		HideSolutionNode = FALSE
	EndGlobalSection
	GlobalSection(NestedProjects) = preSolution
		{895C92F5-7C8B-4B4F-879C-6FEF618A4E9A} = {682325DE-CADB-4BB0-A327-BBF0ABD9BAA5}
		{FB440F1E-52A5-462C-A8A2-6482889A34BF} = {682325DE-CADB-4BB0-A327-BBF0ABD9BAA5}
		{53B233B5-D84C-4CE7-8EBB-46FB2F40FBDA} = {682325DE-CADB-4BB0-A327-BBF0ABD9BAA5}
		{6BFF381C-B199-4FAF-923E-31BCE14508DD} = {682325DE-CADB-4BB0-A327-BBF0ABD9BAA5}
		{75BEBD24-796F-49F2-9A68-1290DA681E31} = {682325DE-CADB-4BB0-A327-BBF0ABD9BAA5}
		{3512C8A9-44BD-48F5-9A6E-14E9CDBEE2D6} = {682325DE-CADB-4BB0-A327-BBF0ABD9BAA5}
		{5EF56780-0344-4946-8419-5CA729FC4F42} = {682325DE-CADB-4BB0-A327-BBF0ABD9BAA5}
		{105F81B6-1B52-4CAF-8C70-0B78BA8A04B5} = {682325DE-CADB-4BB0-A327-BBF0ABD9BAA5}
		{9C3D88A4-2D33-46D9-94E3-DE79D6C0840C} = {682325DE-CADB-4BB0-A327-BBF0ABD9BAA5}
	EndGlobalSection
	GlobalSection(ExtensibilityGlobals) = postSolution
		SolutionGuid = {1D0EB612-C202-4273-B982-5A4A1AC31DE9}
	EndGlobalSection
EndGlobal
